<?xml version="1.0" encoding="UTF-8" standalone="yes" ?>
<CodeBlocks_project_file>
	<FileVersion major="1" minor="6" />
	<Project>
		<Option title="UAV Model" />
		<Option pch_mode="2" />
		<Option compiler="gcc" />
		<Build>
			<Target title="Debug">
				<Option output="bin/Debug/UAV Model" prefix_auto="1" extension_auto="1" />
				<Option working_dir="C:/Program Files (x86)/CodeBlocks/MinGW/bin" />
				<Option object_output="obj/Debug/" />
				<Option type="1" />
				<Option compiler="gcc" />
				<Compiler>
					<Add option="-g" />
				</Compiler>
			</Target>
			<Target title="Release">
				<Option output="bin/Release/UAV Model" prefix_auto="1" extension_auto="1" />
				<Option working_dir="C:/Program Files (x86)/CodeBlocks/MinGW/bin" />
				<Option object_output="obj/Release/" />
				<Option type="0" />
				<Option compiler="gcc" />
				<Compiler>
					<Add option="-O2" />
				</Compiler>
				<Linker>
					<Add option="-s" />
				</Linker>
			</Target>
		</Build>
		<Compiler>
			<Add option="-Wall" />
			<Add directory="C:/Program Files (x86)/CodeBlocks/MinGW/include" />
		</Compiler>
		<Linker>
			<Add library="glut32" />
			<Add library="opengl32" />
			<Add library="glu32" />
			<Add library="winmm" />
			<Add library="gdi32" />
			<Add directory="C:/Program Files (x86)/CodeBlocks/MinGW/lib" />
		</Linker>
		<Unit filename="functions.hpp" />
		<Unit filename="initUavStates.cpp" />
		<Unit filename="initUavStates.hpp" />
		<Unit filename="lqruavHeadingRate.cpp" />
		<Unit filename="lqruavHeadingRate.hpp" />
		<Unit filename="main.cpp" />
		<Unit filename="openGlStuff.cpp" />
		<Unit filename="openGlStuff.hpp" />
		<Unit filename="quad.hpp" />
		<Unit filename="setAutopilotGains.cpp" />
		<Unit filename="setUavParameters.cpp" />
		<Unit filename="setUavParameters.hpp" />
		<Unit filename="simulator.cpp" />
		<Unit filename="simulator.hpp" />
		<Unit filename="terrain.hpp" />
		<Unit filename="uavAutopilot.cpp" />
		<Unit filename="uavAutopilot.hpp" />
		<Unit filename="uavDynamics.cpp" />
		<Unit filename="uavDynamics.hpp" />
		<Extensions>
			<code_completion />
			<envvars />
			<debugger />
		</Extensions>
	</Project>
</CodeBlocks_project_file>
